
Microsoft Visual Studio Solution File, Format Version 12.00
# Visual Studio Version 16
VisualStudioVersion = 16.0.30523.141
MinimumVisualStudioVersion = 10.0.40219.1
Project("{FAE04EC0-301F-11D3-BF4B-00C04F79EFBC}") = "AT1.2Programming2_DroneStorage", "AT1.2Programming2_DroneStorage\AT1.2Programming2_DroneStorage.csproj", "{2DA7E00B-B740-4B88-91C6-DD5011DBDEE3}"
EndProject
Global
	GlobalSection(SolutionConfigurationPlatforms) = preSolution
		Debug|Any CPU = Debug|Any CPU
		Release|Any CPU = Release|Any CPU
	EndGlobalSection
	GlobalSection(ProjectConfigurationPlatforms) = postSolution
		{2DA7E00B-B740-4B88-91C6-DD5011DBDEE3}.Debug|Any CPU.ActiveCfg = Debug|Any CPU
		{2DA7E00B-B740-4B88-91C6-DD5011DBDEE3}.Debug|Any CPU.Build.0 = Debug|Any CPU
		{2DA7E00B-B740-4B88-91C6-DD5011DBDEE3}.Release|Any CPU.ActiveCfg = Release|Any CPU
		{2DA7E00B-B740-4B88-91C6-DD5011DBDEE3}.Release|Any CPU.Build.0 = Release|Any CPU
	EndGlobalSection
	GlobalSection(SolutionProperties) = preSolution
		HideSolutionNode = FALSE
	EndGlobalSection
	GlobalSection(ExtensibilityGlobals) = postSolution
		SolutionGuid = {EF7B9D63-BE9D-4806-8956-8C41E7B4A432}
	EndGlobalSection
EndGlobal
